
Microsoft Visual Studio Solution File, Format Version 12.00
# Visual Studio 15
VisualStudioVersion = 15.0.27130.2024
MinimumVisualStudioVersion = 10.0.40219.1
Project("{9A19103F-16F7-4668-BE54-9A1E7A4F7556}") = "Zorbit.Explorer.Functions", "Zorbit.Explorer.Functions\Zorbit.Explorer.Functions.csproj", "{B9F00E06-8994-4404-A481-E9218B2546D2}"
EndProject
Global
	GlobalSection(SolutionConfigurationPlatforms) = preSolution
		Debug|Any CPU = Debug|Any CPU
		Release|Any CPU = Release|Any CPU
	EndGlobalSection
	GlobalSection(ProjectConfigurationPlatforms) = postSolution
		{B9F00E06-8994-4404-A481-E9218B2546D2}.Debug|Any CPU.ActiveCfg = Debug|Any CPU
		{B9F00E06-8994-4404-A481-E9218B2546D2}.Debug|Any CPU.Build.0 = Debug|Any CPU
		{B9F00E06-8994-4404-A481-E9218B2546D2}.Release|Any CPU.ActiveCfg = Release|Any CPU
		{B9F00E06-8994-4404-A481-E9218B2546D2}.Release|Any CPU.Build.0 = Release|Any CPU
	EndGlobalSection
	GlobalSection(SolutionProperties) = preSolution
		HideSolutionNode = FALSE
	EndGlobalSection
	GlobalSection(ExtensibilityGlobals) = postSolution
		SolutionGuid = {D33D3032-6287-4FE2-BF67-3F712FE8B125}
	EndGlobalSection
EndGlobal
